
Microsoft Visual Studio Solution File, Format Version 12.00
# Visual Studio 15
VisualStudioVersion = 15.0.28307.902
MinimumVisualStudioVersion = 10.0.40219.1
Project("{FAE04EC0-301F-11D3-BF4B-00C04F79EFBC}") = "Project 3 DEVELOPMENT", "Project 3 DEVELOPMENT\Project 3 DEVELOPMENT.csproj", "{4635797D-F9C2-4688-87D4-786E81EB3882}"
EndProject
Global
	GlobalSection(SolutionConfigurationPlatforms) = preSolution
		Debug|Any CPU = Debug|Any CPU
		Release|Any CPU = Release|Any CPU
	EndGlobalSection
	GlobalSection(ProjectConfigurationPlatforms) = postSolution
		{4635797D-F9C2-4688-87D4-786E81EB3882}.Debug|Any CPU.ActiveCfg = Debug|Any CPU
		{4635797D-F9C2-4688-87D4-786E81EB3882}.Debug|Any CPU.Build.0 = Debug|Any CPU
		{4635797D-F9C2-4688-87D4-786E81EB3882}.Release|Any CPU.ActiveCfg = Release|Any CPU
		{4635797D-F9C2-4688-87D4-786E81EB3882}.Release|Any CPU.Build.0 = Release|Any CPU
	EndGlobalSection
	GlobalSection(SolutionProperties) = preSolution
		HideSolutionNode = FALSE
	EndGlobalSection
	GlobalSection(ExtensibilityGlobals) = postSolution
		SolutionGuid = {3C7CD2EE-03D0-4EB9-AE74-40299D4682E2}
	EndGlobalSection
EndGlobal
